// !$*UTF8*$!
{
	archiveVersion = 1;
	classes = {
	};
	objectVersion = 50;
	objects = {

/* Begin PBXBuildFile section */
		DD67CFC225025AA6004F99EA /* AppDelegate.swift in Sources */ = {isa = PBXBuildFile; fileRef = DD67CFC125025AA6004F99EA /* AppDelegate.swift */; };
		DD67CFC425025AA6004F99EA /* SceneDelegate.swift in Sources */ = {isa = PBXBuildFile; fileRef = DD67CFC325025AA6004F99EA /* SceneDelegate.swift */; };
		DD67CFC625025AA6004F99EA /* ViewController.swift in Sources */ = {isa = PBXBuildFile; fileRef = DD67CFC525025AA6004F99EA /* ViewController.swift */; };
		DD67CFC925025AA6004F99EA /* Main.storyboard in Resources */ = {isa = PBXBuildFile; fileRef = DD67CFC725025AA6004F99EA /* Main.storyboard */; };
		DD67CFCB25025AA8004F99EA /* Assets.xcassets in Resources */ = {isa = PBXBuildFile; fileRef = DD67CFCA25025AA8004F99EA /* Assets.xcassets */; };
		DD67CFCE25025AA8004F99EA /* LaunchScreen.storyboard in Resources */ = {isa = PBXBuildFile; fileRef = DD67CFCC25025AA8004F99EA /* LaunchScreen.storyboard */; };
/* End PBXBuildFile section */

/* Begin PBXFileReference section */
		DD67CFBE25025AA6004F99EA /* UIImagePickerController.app */ = {isa = PBXFileReference; explicitFileType = wrapper.application; includeInIndex = 0; path = UIImagePickerController.app; sourceTree = BUILT_PRODUCTS_DIR; };
		DD67CFC125025AA6004F99EA /* AppDelegate.swift */ = {isa = PBXFileReference; lastKnownFileType = sourcecode.swift; path = AppDelegate.swift; sourceTree = "<group>"; };
		DD67CFC325025AA6004F99EA /* SceneDelegate.swift */ = {isa = PBXFileReference; lastKnownFileType = sourcecode.swift; path = SceneDelegate.swift; sourceTree = "<group>"; };
		DD67CFC525025AA6004F99EA /* ViewController.swift */ = {isa = PBXFileReference; lastKnownFileType = sourcecode.swift; path = ViewController.swift; sourceTree = "<group>"; };
		DD67CFC825025AA6004F99EA /* Base */ = {isa = PBXFileReference; lastKnownFileType = file.storyboard; name = Base; path = Base.lproj/Main.storyboard; sourceTree = "<group>"; };
		DD67CFCA25025AA8004F99EA /* Assets.xcassets */ = {isa = PBXFileReference; lastKnownFileType = folder.assetcatalog; path = Assets.xcassets; sourceTree = "<group>"; };
		DD67CFCD25025AA8004F99EA /* Base */ = {isa = PBXFileReference; lastKnownFileType = file.storyboard; name = Base; path = Base.lproj/LaunchScreen.storyboard; sourceTree = "<group>"; };
		DD67CFCF25025AA8004F99EA /* Info.plist */ = {isa = PBXFileReference; lastKnownFileType = text.plist.xml; path = Info.plist; sourceTree = "<group>"; };
/* End PBXFileReference section */

/* Begin PBXFrameworksBuildPhase section */
		DD67CFBB25025AA6004F99EA /* Frameworks */ = {
			isa = PBXFrameworksBuildPhase;
			buildActionMask = 2147483647;
			files = (
			);
			runOnlyForDeploymentPostprocessing = 0;
		};
/* End PBXFrameworksBuildPhase section */

/* Begin PBXGroup section */
		DD67CFB525025AA6004F99EA = {
			isa = PBXGroup;
			children = (
				DD67CFC025025AA6004F99EA /* UIImagePickerController */,
				DD67CFBF25025AA6004F99EA /* Products */,
			);
			sourceTree = "<group>";
		};
		DD67CFBF25025AA6004F99EA /* Products */ = {
			isa = PBXGroup;
			children = (
				DD67CFBE25025AA6004F99EA /* UIImagePickerController.app */,
			);
			name = Products;
			sourceTree = "<group>";
		};
		DD67CFC025025AA6004F99EA /* UIImagePickerController */ = {
			isa = PBXGroup;
			children = (
				DD67CFC125025AA6004F99EA /* AppDelegate.swift */,
				DD67CFC325025AA6004F99EA /* SceneDelegate.swift */,
				DD67CFC525025AA6004F99EA /* ViewController.swift */,
				DD67CFC725025AA6004F99EA /* Main.storyboard */,
				DD67CFCA25025AA8004F99EA /* Assets.xcassets */,
				DD67CFCC25025AA8004F99EA /* LaunchScreen.storyboard */,
				DD67CFCF25025AA8004F99EA /* Info.plist */,
			);
			path = UIImagePickerController;
			sourceTree = "<group>";
		};
/* End PBXGroup section */

/* Begin PBXNativeTarget section */
		DD67CFBD25025AA6004F99EA /* UIImagePickerController */ = {
			isa = PBXNativeTarget;
			buildConfigurationList = DD67CFD225025AA8004F99EA /* Build configuration list for PBXNativeTarget "UIImagePickerController" */;
			buildPhases = (
				DD67CFBA25025AA6004F99EA /* Sources */,
				DD67CFBB25025AA6004F99EA /* Frameworks */,
				DD67CFBC25025AA6004F99EA /* Resources */,
			);
			buildRules = (
			);
			dependencies = (
			);
			name = UIImagePickerController;
			productName = UIImagePickerController;
			productReference = DD67CFBE25025AA6004F99EA /* UIImagePickerController.app */;
			productType = "com.apple.product-type.application";
		};
/* End PBXNativeTarget section */

/* Begin PBXProject section */
		DD67CFB625025AA6004F99EA /* Project object */ = {
			isa = PBXProject;
			attributes = {
				LastSwiftUpdateCheck = 1130;
				LastUpgradeCheck = 1130;
				ORGANIZATIONNAME = irr;
				TargetAttributes = {
					DD67CFBD25025AA6004F99EA = {
						CreatedOnToolsVersion = 11.3.1;
					};
				};
			};
			buildConfigurationList = DD67CFB925025AA6004F99EA /* Build configuration list for PBXProject "UIImagePickerController" */;
			compatibilityVersion = "Xcode 9.3";
			developmentRegion = en;
			hasScannedForEncodings = 0;
			knownRegions = (
				en,
				Base,
			);
			mainGroup = DD67CFB525025AA6004F99EA;
			productRefGroup = DD67CFBF25025AA6004F99EA /* Products */;
			projectDirPath = "";
			projectRoot = "";
			targets = (
				DD67CFBD25025AA6004F99EA /* UIImagePickerController */,
			);
		};
/* End PBXProject section */

/* Begin PBXResourcesBuildPhase section */
		DD67CFBC25025AA6004F99EA /* Resources */ = {
			isa = PBXResourcesBuildPhase;
			buildActionMask = 2147483647;
			files = (
				DD67CFCE25025AA8004F99EA /* LaunchScreen.storyboard in Resources */,
				DD67CFCB25025AA8004F99EA /* Assets.xcassets in Resources */,
				DD67CFC925025AA6004F99EA /* Main.storyboard in Resources */,
			);
			runOnlyForDeploymentPostprocessing = 0;
		};
/* End PBXResourcesBuildPhase section */

/* Begin PBXSourcesBuildPhase section */
		DD67CFBA25025AA6004F99EA /* Sources */ = {
			isa = PBXSourcesBuildPhase;
			buildActionMask = 2147483647;
			files = (
				DD67CFC625025AA6004F99EA /* ViewController.swift in Sources */,
				DD67CFC225025AA6004F99EA /* AppDelegate.swift in Sources */,
				DD67CFC425025AA6004F99EA /* SceneDelegate.swift in Sources */,
			);
			runOnlyForDeploymentPostprocessing = 0;
		};
/* End PBXSourcesBuildPhase section */

/* Begin PBXVariantGroup section */
		DD67CFC725025AA6004F99EA /* Main.storyboard */ = {
			isa = PBXVariantGroup;
			children = (
				DD67CFC825025AA6004F99EA /* Base */,
			);
			name = Main.storyboard;
			sourceTree = "<group>";
		};
		DD67CFCC25025AA8004F99EA /* LaunchScreen.storyboard */ = {
			isa = PBXVariantGroup;
			children = (
				DD67CFCD25025AA8004F99EA /* Base */,
			);
			name = LaunchScreen.storyboard;
			sourceTree = "<group>";
		};
/* End PBXVariantGroup section */

/* Begin XCBuildConfiguration section */
		DD67CFD025025AA8004F99EA /* Debug */ = {
			isa = XCBuildConfiguration;
			buildSettings = {
				ALWAYS_SEARCH_USER_PATHS = NO;
				CLANG_ANALYZER_NONNULL = YES;
				CLANG_ANALYZER_NUMBER_OBJECT_CONVERSION = YES_AGGRESSIVE;
				CLANG_CXX_LANGUAGE_STANDARD = "gnu++14";
				CLANG_CXX_LIBRARY = "libc++";
				CLANG_ENABLE_MODULES = YES;
				CLANG_ENABLE_OBJC_ARC = YES;
				CLANG_ENABLE_OBJC_WEAK = YES;
				CLANG_WARN_BLOCK_CAPTURE_AUTORELEASING = YES;
				CLANG_WARN_BOOL_CONVERSION = YES;
				CLANG_WARN_COMMA = YES;
				CLANG_WARN_CONSTANT_CONVERSION = YES;
				CLANG_WARN_DEPRECATED_OBJC_IMPLEMENTATIONS = YES;
				CLANG_WARN_DIRECT_OBJC_ISA_USAGE = YES_ERROR;
				CLANG_WARN_DOCUMENTATION_COMMENTS = YES;
				CLANG_WARN_EMPTY_BODY = YES;
				CLANG_WARN_ENUM_CONVERSION = YES;
				CLANG_WARN_INFINITE_RECURSION = YES;
				CLANG_WARN_INT_CONVERSION = YES;
				CLANG_WARN_NON_LITERAL_NULL_CONVERSION = YES;
				CLANG_WARN_OBJC_IMPLICIT_RETAIN_SELF = YES;
				CLANG_WARN_OBJC_LITERAL_CONVERSION = YES;
				CLANG_WARN_OBJC_ROOT_CLASS = YES_ERROR;
				CLANG_WARN_RANGE_LOOP_ANALYSIS = YES;
				CLANG_WARN_STRICT_PROTOTYPES = YES;
				CLANG_WARN_SUSPICIOUS_MOVE = YES;
				CLANG_WARN_UNGUARDED_AVAILABILITY = YES_AGGRESSIVE;
				CLANG_WARN_UNREACHABLE_CODE = YES;
				CLANG_WARN__DUPLICATE_METHOD_MATCH = YES;
				COPY_PHASE_STRIP = NO;
				DEBUG_INFORMATION_FORMAT = dwarf;
				ENABLE_STRICT_OBJC_MSGSEND = YES;
				ENABLE_TESTABILITY = YES;
				GCC_C_LANGUAGE_STANDARD = gnu11;
				GCC_DYNAMIC_NO_PIC = NO;
				GCC_NO_COMMON_BLOCKS = YES;
				GCC_OPTIMIZATION_LEVEL = 0;
				GCC_PREPROCESSOR_DEFINITIONS = (
					"DEBUG=1",
					"$(inherited)",
				);
				GCC_WARN_64_TO_32_BIT_CONVERSION = YES;
				GCC_WARN_ABOUT_RETURN_TYPE = YES_ERROR;
				GCC_WARN_UNDECLARED_SELECTOR = YES;
				GCC_WARN_UNINITIALIZED_AUTOS = YES_AGGRESSIVE;
				GCC_WARN_UNUSED_FUNCTION = YES;
				GCC_WARN_UNUSED_VARIABLE = YES;
				IPHONEOS_DEPLOYMENT_TARGET = 13.2;
				MTL_ENABLE_DEBUG_INFO = INCLUDE_SOURCE;
				MTL_FAST_MATH = YES;
				ONLY_ACTIVE_ARCH = YES;
				SDKROOT = iphoneos;
				SWIFT_ACTIVE_COMPILATION_CONDITIONS = DEBUG;
				SWIFT_OPTIMIZATION_LEVEL = "-Onone";
			};
			name = Debug;
		};
		DD67CFD125025AA8004F99EA /* Release */ = {
			isa = XCBuildConfiguration;
			buildSettings = {
				ALWAYS_SEARCH_USER_PATHS = NO;
				CLANG_ANALYZER_NONNULL = YES;
				CLANG_ANALYZER_NUMBER_OBJECT_CONVERSION = YES_AGGRESSIVE;
				CLANG_CXX_LANGUAGE_STANDARD = "gnu++14";
				CLANG_CXX_LIBRARY = "libc++";
				CLANG_ENABLE_MODULES = YES;
				CLANG_ENABLE_OBJC_ARC = YES;
				CLANG_ENABLE_OBJC_WEAK = YES;
				CLANG_WARN_BLOCK_CAPTURE_AUTORELEASING = YES;
				CLANG_WARN_BOOL_CONVERSION = YES;
				CLANG_WARN_COMMA = YES;
				CLANG_WARN_CONSTANT_CONVERSION = YES;
				CLANG_WARN_DEPRECATED_OBJC_IMPLEMENTATIONS = YES;
				CLANG_WARN_DIRECT_OBJC_ISA_USAGE = YES_ERROR;
				CLANG_WARN_DOCUMENTATION_COMMENTS = YES;
				CLANG_WARN_EMPTY_BODY = YES;
				CLANG_WARN_ENUM_CONVERSION = YES;
				CLANG_WARN_INFINITE_RECURSION = YES;
				CLANG_WARN_INT_CONVERSION = YES;
				CLANG_WARN_NON_LITERAL_NULL_CONVERSION = YES;
				CLANG_WARN_OBJC_IMPLICIT_RETAIN_SELF = YES;
				CLANG_WARN_OBJC_LITERAL_CONVERSION = YES;
				CLANG_WARN_OBJC_ROOT_CLASS = YES_ERROR;
				CLANG_WARN_RANGE_LOOP_ANALYSIS = YES;
				CLANG_WARN_STRICT_PROTOTYPES = YES;
				CLANG_WARN_SUSPICIOUS_MOVE = YES;
				CLANG_WARN_UNGUARDED_AVAILABILITY = YES_AGGRESSIVE;
				CLANG_WARN_UNREACHABLE_CODE = YES;
				CLANG_WARN__DUPLICATE_METHOD_MATCH = YES;
				COPY_PHASE_STRIP = NO;
				DEBUG_INFORMATION_FORMAT = "dwarf-with-dsym";
				ENABLE_NS_ASSERTIONS = NO;
				ENABLE_STRICT_OBJC_MSGSEND = YES;
				GCC_C_LANGUAGE_STANDARD = gnu11;
				GCC_NO_COMMON_BLOCKS = YES;
				GCC_WARN_64_TO_32_BIT_CONVERSION = YES;
				GCC_WARN_ABOUT_RETURN_TYPE = YES_ERROR;
				GCC_WARN_UNDECLARED_SELECTOR = YES;
				GCC_WARN_UNINITIALIZED_AUTOS = YES_AGGRESSIVE;
				GCC_WARN_UNUSED_FUNCTION = YES;
				GCC_WARN_UNUSED_VARIABLE = YES;
				IPHONEOS_DEPLOYMENT_TARGET = 13.2;
				MTL_ENABLE_DEBUG_INFO = NO;
				MTL_FAST_MATH = YES;
				SDKROOT = iphoneos;
				SWIFT_COMPILATION_MODE = wholemodule;
				SWIFT_OPTIMIZATION_LEVEL = "-O";
				VALIDATE_PRODUCT = YES;
			};
			name = Release;
		};
		DD67CFD325025AA8004F99EA /* Debug */ = {
			isa = XCBuildConfiguration;
			buildSettings = {
				ASSETCATALOG_COMPILER_APPICON_NAME = AppIcon;
				CODE_SIGN_STYLE = Automatic;
				INFOPLIST_FILE = UIImagePickerController/Info.plist;
				LD_RUNPATH_SEARCH_PATHS = (
					"$(inherited)",
					"@executable_path/Frameworks",
				);
				PRODUCT_BUNDLE_IDENTIFIER = irr.UIImagePickerController;
				PRODUCT_NAME = "$(TARGET_NAME)";
				SWIFT_VERSION = 5.0;
				TARGETED_DEVICE_FAMILY = "1,2";
			};
			name = Debug;
		};
		DD67CFD425025AA8004F99EA /* Release */ = {
			isa = XCBuildConfiguration;
			buildSettings = {
				ASSETCATALOG_COMPILER_APPICON_NAME = AppIcon;
				CODE_SIGN_STYLE = Automatic;
				INFOPLIST_FILE = UIImagePickerController/Info.plist;
				LD_RUNPATH_SEARCH_PATHS = (
					"$(inherited)",
					"@executable_path/Frameworks",
				);
				PRODUCT_BUNDLE_IDENTIFIER = irr.UIImagePickerController;
				PRODUCT_NAME = "$(TARGET_NAME)";
				SWIFT_VERSION = 5.0;
				TARGETED_DEVICE_FAMILY = "1,2";
			};
			name = Release;
		};
/* End XCBuildConfiguration section */

/* Begin XCConfigurationList section */
		DD67CFB925025AA6004F99EA /* Build configuration list for PBXProject "UIImagePickerController" */ = {
			isa = XCConfigurationList;
			buildConfigurations = (
				DD67CFD025025AA8004F99EA /* Debug */,
				DD67CFD125025AA8004F99EA /* Release */,
			);
			defaultConfigurationIsVisible = 0;
			defaultConfigurationName = Release;
		};
		DD67CFD225025AA8004F99EA /* Build configuration list for PBXNativeTarget "UIImagePickerController" */ = {
			isa = XCConfigurationList;
			buildConfigurations = (
				DD67CFD325025AA8004F99EA /* Debug */,
				DD67CFD425025AA8004F99EA /* Release */,
			);
			defaultConfigurationIsVisible = 0;
			defaultConfigurationName = Release;
		};
/* End XCConfigurationList section */
	};
	rootObject = DD67CFB625025AA6004F99EA /* Project object */;
}
